
Microsoft Visual Studio Solution File, Format Version 12.00
# Visual Studio Version 17
VisualStudioVersion = 17.12.35728.132
MinimumVisualStudioVersion = 10.0.40219.1
Project("{2150E333-8FDC-42A3-9474-1A3956D46DE8}") = "root", "root", "{352D2365-7F63-4951-9F4B-1AD45AAB3BC4}"
	ProjectSection(SolutionItems) = preProject
		root\docker-compose.yml = root\docker-compose.yml
	EndProjectSection
EndProject
Project("{2150E333-8FDC-42A3-9474-1A3956D46DE8}") = "src", "src", "{B7E2CA00-E6C6-47DF-B397-251BCB42287B}"
EndProject
Project("{2150E333-8FDC-42A3-9474-1A3956D46DE8}") = "Producer", "Producer", "{C9804C90-20E6-404A-B0E1-E230C7A3F7B9}"
EndProject
Project("{2150E333-8FDC-42A3-9474-1A3956D46DE8}") = "Consumer", "Consumer", "{AF7BB998-7337-434D-BF7E-CF538C0757E2}"
EndProject
Project("{FAE04EC0-301F-11D3-BF4B-00C04F79EFBC}") = "Kafka.Producer.API", "src\Producer\Kafka.Producer.API.csproj", "{2E5FA369-6372-4EB1-8D50-FCF454C09A1D}"
EndProject
Project("{FAE04EC0-301F-11D3-BF4B-00C04F79EFBC}") = "Kafka.Consumer.Console", "src\Consumer\Kafka.Consumer.Console.csproj", "{8816BE45-C694-4694-8287-92A71BEC5103}"
EndProject
Global
	GlobalSection(SolutionConfigurationPlatforms) = preSolution
		Debug|Any CPU = Debug|Any CPU
		Release|Any CPU = Release|Any CPU
	EndGlobalSection
	GlobalSection(ProjectConfigurationPlatforms) = postSolution
		{2E5FA369-6372-4EB1-8D50-FCF454C09A1D}.Debug|Any CPU.ActiveCfg = Debug|Any CPU
		{2E5FA369-6372-4EB1-8D50-FCF454C09A1D}.Debug|Any CPU.Build.0 = Debug|Any CPU
		{2E5FA369-6372-4EB1-8D50-FCF454C09A1D}.Release|Any CPU.ActiveCfg = Release|Any CPU
		{2E5FA369-6372-4EB1-8D50-FCF454C09A1D}.Release|Any CPU.Build.0 = Release|Any CPU
		{8816BE45-C694-4694-8287-92A71BEC5103}.Debug|Any CPU.ActiveCfg = Debug|Any CPU
		{8816BE45-C694-4694-8287-92A71BEC5103}.Debug|Any CPU.Build.0 = Debug|Any CPU
		{8816BE45-C694-4694-8287-92A71BEC5103}.Release|Any CPU.ActiveCfg = Release|Any CPU
		{8816BE45-C694-4694-8287-92A71BEC5103}.Release|Any CPU.Build.0 = Release|Any CPU
	EndGlobalSection
	GlobalSection(SolutionProperties) = preSolution
		HideSolutionNode = FALSE
	EndGlobalSection
	GlobalSection(NestedProjects) = preSolution
		{C9804C90-20E6-404A-B0E1-E230C7A3F7B9} = {B7E2CA00-E6C6-47DF-B397-251BCB42287B}
		{AF7BB998-7337-434D-BF7E-CF538C0757E2} = {B7E2CA00-E6C6-47DF-B397-251BCB42287B}
		{2E5FA369-6372-4EB1-8D50-FCF454C09A1D} = {C9804C90-20E6-404A-B0E1-E230C7A3F7B9}
		{8816BE45-C694-4694-8287-92A71BEC5103} = {AF7BB998-7337-434D-BF7E-CF538C0757E2}
	EndGlobalSection
EndGlobal
